
Microsoft Visual Studio Solution File, Format Version 12.00
# Visual Studio 15
VisualStudioVersion = 15.0.26730.12
MinimumVisualStudioVersion = 10.0.40219.1
Project("{FAE04EC0-301F-11D3-BF4B-00C04F79EFBC}") = "Demo02", "Demo02\Demo02.csproj", "{BAD8DB75-FCB9-478C-BCED-FD1F53B1582F}"
EndProject
Global
	GlobalSection(SolutionConfigurationPlatforms) = preSolution
		Debug|Any CPU = Debug|Any CPU
		Release|Any CPU = Release|Any CPU
	EndGlobalSection
	GlobalSection(ProjectConfigurationPlatforms) = postSolution
		{BAD8DB75-FCB9-478C-BCED-FD1F53B1582F}.Debug|Any CPU.ActiveCfg = Debug|Any CPU
		{BAD8DB75-FCB9-478C-BCED-FD1F53B1582F}.Debug|Any CPU.Build.0 = Debug|Any CPU
		{BAD8DB75-FCB9-478C-BCED-FD1F53B1582F}.Release|Any CPU.ActiveCfg = Release|Any CPU
		{BAD8DB75-FCB9-478C-BCED-FD1F53B1582F}.Release|Any CPU.Build.0 = Release|Any CPU
	EndGlobalSection
	GlobalSection(SolutionProperties) = preSolution
		HideSolutionNode = FALSE
	EndGlobalSection
	GlobalSection(ExtensibilityGlobals) = postSolution
		SolutionGuid = {D6DF5DA3-371B-490E-9E33-954ED0E186C9}
	EndGlobalSection
EndGlobal
