
Microsoft Visual Studio Solution File, Format Version 12.00
# Visual Studio 15
VisualStudioVersion = 15.0.26730.12
MinimumVisualStudioVersion = 10.0.40219.1
Project("{FAE04EC0-301F-11D3-BF4B-00C04F79EFBC}") = "Demo03", "Demo03\Demo03.csproj", "{1E5FE876-008C-42BE-BB4E-F0EA26E5D7C6}"
EndProject
Global
	GlobalSection(SolutionConfigurationPlatforms) = preSolution
		Debug|Any CPU = Debug|Any CPU
		Release|Any CPU = Release|Any CPU
	EndGlobalSection
	GlobalSection(ProjectConfigurationPlatforms) = postSolution
		{1E5FE876-008C-42BE-BB4E-F0EA26E5D7C6}.Debug|Any CPU.ActiveCfg = Debug|Any CPU
		{1E5FE876-008C-42BE-BB4E-F0EA26E5D7C6}.Debug|Any CPU.Build.0 = Debug|Any CPU
		{1E5FE876-008C-42BE-BB4E-F0EA26E5D7C6}.Release|Any CPU.ActiveCfg = Release|Any CPU
		{1E5FE876-008C-42BE-BB4E-F0EA26E5D7C6}.Release|Any CPU.Build.0 = Release|Any CPU
	EndGlobalSection
	GlobalSection(SolutionProperties) = preSolution
		HideSolutionNode = FALSE
	EndGlobalSection
	GlobalSection(ExtensibilityGlobals) = postSolution
		SolutionGuid = {9FE1718F-25EF-4338-84F1-46199E245E89}
	EndGlobalSection
EndGlobal
